
Microsoft Visual Studio Solution File, Format Version 12.00
# Visual Studio Version 17
VisualStudioVersion = 17.5.33516.290
MinimumVisualStudioVersion = 10.0.40219.1
Project("{FAE04EC0-301F-11D3-BF4B-00C04F79EFBC}") = "ConsoleApp_e-commerce", "ConsoleApp_e-commerce\ConsoleApp_e-commerce.csproj", "{6DC30ED6-8646-4680-8CAC-A3F15F7C7F84}"
EndProject
Global
	GlobalSection(SolutionConfigurationPlatforms) = preSolution
		Debug|Any CPU = Debug|Any CPU
		Release|Any CPU = Release|Any CPU
	EndGlobalSection
	GlobalSection(ProjectConfigurationPlatforms) = postSolution
		{6DC30ED6-8646-4680-8CAC-A3F15F7C7F84}.Debug|Any CPU.ActiveCfg = Debug|Any CPU
		{6DC30ED6-8646-4680-8CAC-A3F15F7C7F84}.Debug|Any CPU.Build.0 = Debug|Any CPU
		{6DC30ED6-8646-4680-8CAC-A3F15F7C7F84}.Release|Any CPU.ActiveCfg = Release|Any CPU
		{6DC30ED6-8646-4680-8CAC-A3F15F7C7F84}.Release|Any CPU.Build.0 = Release|Any CPU
	EndGlobalSection
	GlobalSection(SolutionProperties) = preSolution
		HideSolutionNode = FALSE
	EndGlobalSection
	GlobalSection(ExtensibilityGlobals) = postSolution
		SolutionGuid = {0EA909CB-F58E-48BA-B095-BA8369295D68}
	EndGlobalSection
EndGlobal
